
Microsoft Visual Studio Solution File, Format Version 12.00
# Visual Studio Version 16
VisualStudioVersion = 16.0.30320.27
MinimumVisualStudioVersion = 10.0.40219.1
Project("{FAE04EC0-301F-11D3-BF4B-00C04F79EFBC}") = "CareInfoProvider", "CareInfoProvider\CareInfoProvider.csproj", "{8657E350-9E0B-4A09-9A4F-491585D2DB51}"
EndProject
Project("{FAE04EC0-301F-11D3-BF4B-00C04F79EFBC}") = "CareInfoProvider.Tests", "CareInfoProvider.Tests\CareInfoProvider.Tests.csproj", "{47508948-286A-4652-A2C7-477AB3C0DD76}"
EndProject
Global
	GlobalSection(SolutionConfigurationPlatforms) = preSolution
		Debug|Any CPU = Debug|Any CPU
		Release|Any CPU = Release|Any CPU
	EndGlobalSection
	GlobalSection(ProjectConfigurationPlatforms) = postSolution
		{8657E350-9E0B-4A09-9A4F-491585D2DB51}.Debug|Any CPU.ActiveCfg = Debug|Any CPU
		{8657E350-9E0B-4A09-9A4F-491585D2DB51}.Debug|Any CPU.Build.0 = Debug|Any CPU
		{8657E350-9E0B-4A09-9A4F-491585D2DB51}.Release|Any CPU.ActiveCfg = Release|Any CPU
		{8657E350-9E0B-4A09-9A4F-491585D2DB51}.Release|Any CPU.Build.0 = Release|Any CPU
		{47508948-286A-4652-A2C7-477AB3C0DD76}.Debug|Any CPU.ActiveCfg = Debug|Any CPU
		{47508948-286A-4652-A2C7-477AB3C0DD76}.Debug|Any CPU.Build.0 = Debug|Any CPU
		{47508948-286A-4652-A2C7-477AB3C0DD76}.Release|Any CPU.ActiveCfg = Release|Any CPU
		{47508948-286A-4652-A2C7-477AB3C0DD76}.Release|Any CPU.Build.0 = Release|Any CPU
	EndGlobalSection
	GlobalSection(SolutionProperties) = preSolution
		HideSolutionNode = FALSE
	EndGlobalSection
	GlobalSection(ExtensibilityGlobals) = postSolution
		SolutionGuid = {4229210D-7BFC-413B-AF0C-A4945AA8907D}
	EndGlobalSection
EndGlobal
